
Microsoft Visual Studio Solution File, Format Version 12.00
# Visual Studio 14
VisualStudioVersion = 14.0.25420.1
MinimumVisualStudioVersion = 10.0.40219.1
Project("{FAE04EC0-301F-11D3-BF4B-00C04F79EFBC}") = "Repositorio.Entidades", "Repositorio.Entidades\Repositorio.Entidades.csproj", "{8B31925A-5314-4A3D-8E21-E2D9D46F1FC5}"
EndProject
Project("{FAE04EC0-301F-11D3-BF4B-00C04F79EFBC}") = "Repositorio.DAL", "Repositorio.DAL\Repositorio.DAL.csproj", "{C18E6051-C9BA-47A5-9431-EA3195586DFC}"
EndProject
Project("{FAE04EC0-301F-11D3-BF4B-00C04F79EFBC}") = "Repositorio.WEB", "Repositorio.WEB\Repositorio.WEB.csproj", "{3FD866D6-65B6-493A-8F9D-8C70DD847D6F}"
EndProject
Global
	GlobalSection(SolutionConfigurationPlatforms) = preSolution
		Debug|Any CPU = Debug|Any CPU
		Release|Any CPU = Release|Any CPU
	EndGlobalSection
	GlobalSection(ProjectConfigurationPlatforms) = postSolution
		{8B31925A-5314-4A3D-8E21-E2D9D46F1FC5}.Debug|Any CPU.ActiveCfg = Debug|Any CPU
		{8B31925A-5314-4A3D-8E21-E2D9D46F1FC5}.Debug|Any CPU.Build.0 = Debug|Any CPU
		{8B31925A-5314-4A3D-8E21-E2D9D46F1FC5}.Release|Any CPU.ActiveCfg = Release|Any CPU
		{8B31925A-5314-4A3D-8E21-E2D9D46F1FC5}.Release|Any CPU.Build.0 = Release|Any CPU
		{C18E6051-C9BA-47A5-9431-EA3195586DFC}.Debug|Any CPU.ActiveCfg = Debug|Any CPU
		{C18E6051-C9BA-47A5-9431-EA3195586DFC}.Debug|Any CPU.Build.0 = Debug|Any CPU
		{C18E6051-C9BA-47A5-9431-EA3195586DFC}.Release|Any CPU.ActiveCfg = Release|Any CPU
		{C18E6051-C9BA-47A5-9431-EA3195586DFC}.Release|Any CPU.Build.0 = Release|Any CPU
		{3FD866D6-65B6-493A-8F9D-8C70DD847D6F}.Debug|Any CPU.ActiveCfg = Debug|Any CPU
		{3FD866D6-65B6-493A-8F9D-8C70DD847D6F}.Debug|Any CPU.Build.0 = Debug|Any CPU
		{3FD866D6-65B6-493A-8F9D-8C70DD847D6F}.Release|Any CPU.ActiveCfg = Release|Any CPU
		{3FD866D6-65B6-493A-8F9D-8C70DD847D6F}.Release|Any CPU.Build.0 = Release|Any CPU
	EndGlobalSection
	GlobalSection(SolutionProperties) = preSolution
		HideSolutionNode = FALSE
	EndGlobalSection
EndGlobal
